
Microsoft Visual Studio Solution File, Format Version 12.00
# Visual Studio 15
Project("{FAE04EC0-301F-11D3-BF4B-00C04F79EFBC}") = "Assembly-CSharp", "Assembly-CSharp.csproj", "{49CF72D4-5A7C-BA88-8B7D-1745D5EF7421}"
EndProject
Project("{FAE04EC0-301F-11D3-BF4B-00C04F79EFBC}") = "Assembly-CSharp-firstpass", "Assembly-CSharp-firstpass.csproj", "{AADF4F84-10E3-7243-3623-DB166ED106A5}"
EndProject
Global
	GlobalSection(SolutionConfigurationPlatforms) = preSolution
		Debug|Any CPU = Debug|Any CPU
		Release|Any CPU = Release|Any CPU
	EndGlobalSection
	GlobalSection(ProjectConfigurationPlatforms) = postSolution
		{49CF72D4-5A7C-BA88-8B7D-1745D5EF7421}.Debug|Any CPU.ActiveCfg = Debug|Any CPU
		{49CF72D4-5A7C-BA88-8B7D-1745D5EF7421}.Debug|Any CPU.Build.0 = Debug|Any CPU
		{49CF72D4-5A7C-BA88-8B7D-1745D5EF7421}.Release|Any CPU.ActiveCfg = Release|Any CPU
		{49CF72D4-5A7C-BA88-8B7D-1745D5EF7421}.Release|Any CPU.Build.0 = Release|Any CPU
		{AADF4F84-10E3-7243-3623-DB166ED106A5}.Debug|Any CPU.ActiveCfg = Debug|Any CPU
		{AADF4F84-10E3-7243-3623-DB166ED106A5}.Debug|Any CPU.Build.0 = Debug|Any CPU
		{AADF4F84-10E3-7243-3623-DB166ED106A5}.Release|Any CPU.ActiveCfg = Release|Any CPU
		{AADF4F84-10E3-7243-3623-DB166ED106A5}.Release|Any CPU.Build.0 = Release|Any CPU
	EndGlobalSection
	GlobalSection(SolutionProperties) = preSolution
		HideSolutionNode = FALSE
	EndGlobalSection
EndGlobal
